
Microsoft Visual Studio Solution File, Format Version 12.00
# Visual Studio Version 16
VisualStudioVersion = 16.0.29509.3
MinimumVisualStudioVersion = 10.0.40219.1
Project("{FAE04EC0-301F-11D3-BF4B-00C04F79EFBC}") = "CriandoVariaveis", "CriandoVariaveis.csproj", "{B2DD4C41-1D38-4984-8CA5-AF4095AEBFDA}"
EndProject
Global
	GlobalSection(SolutionConfigurationPlatforms) = preSolution
		Debug|Any CPU = Debug|Any CPU
		Release|Any CPU = Release|Any CPU
	EndGlobalSection
	GlobalSection(ProjectConfigurationPlatforms) = postSolution
		{B2DD4C41-1D38-4984-8CA5-AF4095AEBFDA}.Debug|Any CPU.ActiveCfg = Debug|Any CPU
		{B2DD4C41-1D38-4984-8CA5-AF4095AEBFDA}.Debug|Any CPU.Build.0 = Debug|Any CPU
		{B2DD4C41-1D38-4984-8CA5-AF4095AEBFDA}.Release|Any CPU.ActiveCfg = Release|Any CPU
		{B2DD4C41-1D38-4984-8CA5-AF4095AEBFDA}.Release|Any CPU.Build.0 = Release|Any CPU
	EndGlobalSection
	GlobalSection(SolutionProperties) = preSolution
		HideSolutionNode = FALSE
	EndGlobalSection
	GlobalSection(ExtensibilityGlobals) = postSolution
		SolutionGuid = {AC4F6CBE-28C8-4823-9539-5BADBD2F5F77}
	EndGlobalSection
EndGlobal
