
Microsoft Visual Studio Solution File, Format Version 12.00
# Visual Studio Version 16
VisualStudioVersion = 16.0.29509.3
MinimumVisualStudioVersion = 10.0.40219.1
Project("{FAE04EC0-301F-11D3-BF4B-00C04F79EFBC}") = "5-CaracteresETextos", "5-CaracteresETextos.csproj", "{82B33977-8114-42D0-9199-C6F4CE75AE24}"
EndProject
Global
	GlobalSection(SolutionConfigurationPlatforms) = preSolution
		Debug|Any CPU = Debug|Any CPU
		Release|Any CPU = Release|Any CPU
	EndGlobalSection
	GlobalSection(ProjectConfigurationPlatforms) = postSolution
		{82B33977-8114-42D0-9199-C6F4CE75AE24}.Debug|Any CPU.ActiveCfg = Debug|Any CPU
		{82B33977-8114-42D0-9199-C6F4CE75AE24}.Debug|Any CPU.Build.0 = Debug|Any CPU
		{82B33977-8114-42D0-9199-C6F4CE75AE24}.Release|Any CPU.ActiveCfg = Release|Any CPU
		{82B33977-8114-42D0-9199-C6F4CE75AE24}.Release|Any CPU.Build.0 = Release|Any CPU
	EndGlobalSection
	GlobalSection(SolutionProperties) = preSolution
		HideSolutionNode = FALSE
	EndGlobalSection
	GlobalSection(ExtensibilityGlobals) = postSolution
		SolutionGuid = {4657C763-DD80-45A3-9DF5-349B574A10F3}
	EndGlobalSection
EndGlobal
